
Microsoft Visual Studio Solution File, Format Version 11.00
# Visual Studio 2010
Project("{FAE04EC0-301F-11D3-BF4B-00C04F79EFBC}") = "IAVP5-BD-TPC", "Assembly-CSharp.csproj", "{F57F9B3F-8983-9547-0FD1-1DF703D9DFF9}"
EndProject
Project("{FAE04EC0-301F-11D3-BF4B-00C04F79EFBC}") = "IAVP5-BD-TPC", "Assembly-CSharp-Editor.csproj", "{B9C8DBBD-94C5-F872-9DBA-6D768D5BCC03}"
EndProject
Global
	GlobalSection(SolutionConfigurationPlatforms) = preSolution
		Debug|Any CPU = Debug|Any CPU
		Release|Any CPU = Release|Any CPU
	EndGlobalSection
	GlobalSection(ProjectConfigurationPlatforms) = postSolution
		{F57F9B3F-8983-9547-0FD1-1DF703D9DFF9}.Debug|Any CPU.ActiveCfg = Debug|Any CPU
		{F57F9B3F-8983-9547-0FD1-1DF703D9DFF9}.Debug|Any CPU.Build.0 = Debug|Any CPU
		{F57F9B3F-8983-9547-0FD1-1DF703D9DFF9}.Release|Any CPU.ActiveCfg = Release|Any CPU
		{F57F9B3F-8983-9547-0FD1-1DF703D9DFF9}.Release|Any CPU.Build.0 = Release|Any CPU
		{B9C8DBBD-94C5-F872-9DBA-6D768D5BCC03}.Debug|Any CPU.ActiveCfg = Debug|Any CPU
		{B9C8DBBD-94C5-F872-9DBA-6D768D5BCC03}.Debug|Any CPU.Build.0 = Debug|Any CPU
		{B9C8DBBD-94C5-F872-9DBA-6D768D5BCC03}.Release|Any CPU.ActiveCfg = Release|Any CPU
		{B9C8DBBD-94C5-F872-9DBA-6D768D5BCC03}.Release|Any CPU.Build.0 = Release|Any CPU
	EndGlobalSection
	GlobalSection(SolutionProperties) = preSolution
		HideSolutionNode = FALSE
	EndGlobalSection
	GlobalSection(MonoDevelopProperties) = preSolution
		StartupItem = Assembly-CSharp.csproj
	EndGlobalSection
EndGlobal
